{
  "name": "realty-pandit-personal-whatsapp",
  "version": "0.2.0",
  "lockfileVersion": 3,
  "requires": true,
  "packages": {
    "": {
      "name": "realty-pandit-personal-whatsapp",
      "version": "0.2.0",
      "dependencies": {
        "@wppconnect/wa-js": "4.6.1"
      }
    },
    "node_modules/@wppconnect/wa-js": {
      "version": "4.6.1",
      "resolved": "https://registry.npmjs.org/@wppconnect/wa-js/-/wa-js-4.6.1.tgz",
      "integrity": "sha512-vabRop+7EN2Ny0f6suB5jY9Gmrkclo2yvaaw4zinEH5UUNUiyb7cTnSuK0rknYUde4ElKSjpThJFV0J+220chA==",
      "license": "Apache-2.0",
      "engines": {
        "whatsapp-web": ">=2.3000.1038792969-alpha"
      }
    }
  }
}
